{
  "pins" : [
    {
      "identity" : "onnxruntime-swift-package-manager",
      "kind" : "remoteSourceControl",
      "location" : "https://github.com/masicai/onnxruntime-swift-package-manager",
      "state" : {
        "revision" : "3fb68950a5967c8c120f9f99a1a850a43985a4c9",
        "version" : "1.28.0"
      }
    }
  ],
  "version" : 2
}
